PODS:
  - Alamofire (5.0.0-rc.3)
  - GoogleMaps (3.7.0):
    - GoogleMaps/Maps (= 3.7.0)
  - GoogleMaps/Base (3.7.0)
  - GoogleMaps/Maps (3.7.0):
    - GoogleMaps/Base
  - GooglePlaces (3.7.0):
    - GoogleMaps/Base (= 3.7.0)
  - SideMenu (6.4.7)

DEPENDENCIES:
  - Alamofire (~> 5.0.0-rc.3)
  - GoogleMaps
  - GooglePlaces
  - SideMenu

SPEC REPOS:
  trunk:
    - Alamofire
    - GoogleMaps
    - GooglePlaces
    - SideMenu

SPEC CHECKSUMS:
  Alamofire: ca8c0de6906873be89d6deec5c8de279e00bf872
  GoogleMaps: 55da829c68aa931f3ae982b9e341cc2f3d89c587
  GooglePlaces: a62077320f9d64239245af63aa1aa136393ebeb6
  SideMenu: 928a015669c3afc201e1fe3a87f1b0bc8993a664

PODFILE CHECKSUM: 6faf72eb98301b8be8acf9037ef3e1ffb43c681d

COCOAPODS: 1.8.4
