PODS:
  - DZNEmptyDataSet (1.8.1)
  - GoogleMaps (3.9.0):
    - GoogleMaps/Maps (= 3.9.0)
  - GoogleMaps/Base (3.9.0)
  - GoogleMaps/Maps (3.9.0):
    - GoogleMaps/Base
  - GooglePlaces (3.9.0):
    - GoogleMaps/Base (= 3.9.0)
  - SideMenu (6.4.8)

DEPENDENCIES:
  - DZNEmptyDataSet
  - GoogleMaps
  - GooglePlaces
  - SideMenu

SPEC REPOS:
  trunk:
    - DZNEmptyDataSet
    - GoogleMaps
    - GooglePlaces
    - SideMenu

SPEC CHECKSUMS:
  DZNEmptyDataSet: 9525833b9e68ac21c30253e1d3d7076cc828eaa7
  GoogleMaps: 4b5346bddfe6911bb89155d43c903020170523ac
  GooglePlaces: 1634d019549b969d40fe0ccb0b9513055adebe01
  SideMenu: 4a891be552d30bb6fa87ad404d62e485f8450c34

PODFILE CHECKSUM: e9326ba710120acdfd5327570e9a8825afc8c68d

COCOAPODS: 1.9.1
