// !$*UTF8*$!
{
	archiveVersion = 1;
	classes = {
	};
	objectVersion = 51;
	objects = {

/* Begin PBXBuildFile section */
		5431A834B3EC27A766474465 /* Pods_checklist.framework in Frameworks */ = {isa = PBXBuildFile; fileRef = E72489660E07ABFEEBBC7881 /* Pods_checklist.framework */; };
		6F0FBB1223DA5A72009C1775 /* EdittingTableViewCell.swift in Sources */ = {isa = PBXBuildFile; fileRef = 6F0FBB1123DA5A72009C1775 /* EdittingTableViewCell.swift */; };
		6F150B6D23AA024300908DEB /* LocalTimeTableViewCell.swift in Sources */ = {isa = PBXBuildFile; fileRef = 6F150B6C23AA024300908DEB /* LocalTimeTableViewCell.swift */; };
		6F150B6F23AA038C00908DEB /* DestinationNameTableViewCell.swift in Sources */ = {isa = PBXBuildFile; fileRef = 6F150B6E23AA038C00908DEB /* DestinationNameTableViewCell.swift */; };
		6F150B7123AA03FD00908DEB /* JetLagTableViewCell.swift in Sources */ = {isa = PBXBuildFile; fileRef = 6F150B7023AA03FD00908DEB /* JetLagTableViewCell.swift */; };
		6F150B7323AA047500908DEB /* DestinationTimeTableViewCell.swift in Sources */ = {isa = PBXBuildFile; fileRef = 6F150B7223AA047500908DEB /* DestinationTimeTableViewCell.swift */; };
		6F150B7623AA053F00908DEB /* NameCallingForTableViewCell.swift in Sources */ = {isa = PBXBuildFile; fileRef = 6F150B7523AA053F00908DEB /* NameCallingForTableViewCell.swift */; };
		6F150B8123AA283900908DEB /* AccountSwitchingTableViewCell.swift in Sources */ = {isa = PBXBuildFile; fileRef = 6F150B8023AA283900908DEB /* AccountSwitchingTableViewCell.swift */; };
		6F150B9123AA2CC500908DEB /* EdittingDetailTableViewController.swift in Sources */ = {isa = PBXBuildFile; fileRef = 6F150B9023AA2CC500908DEB /* EdittingDetailTableViewController.swift */; };
		6F150B9823AADF2500908DEB /* addingCallingItemTableViewController.swift in Sources */ = {isa = PBXBuildFile; fileRef = 6F150B9723AADF2500908DEB /* addingCallingItemTableViewController.swift */; };
		6F150B9A23AAE00B00908DEB /* NameCallingForAddingTableViewCell.swift in Sources */ = {isa = PBXBuildFile; fileRef = 6F150B9923AAE00B00908DEB /* NameCallingForAddingTableViewCell.swift */; };
		6F150B9C23AAE03300908DEB /* DestinationNameAddingTableViewCell.swift in Sources */ = {isa = PBXBuildFile; fileRef = 6F150B9B23AAE03300908DEB /* DestinationNameAddingTableViewCell.swift */; };
		6F150B9E23AAE04A00908DEB /* LocalDateAddingTableViewCell.swift in Sources */ = {isa = PBXBuildFile; fileRef = 6F150B9D23AAE04A00908DEB /* LocalDateAddingTableViewCell.swift */; };
		6F150BA223AAE07E00908DEB /* DestinationTimeAddingTableViewCell.swift in Sources */ = {isa = PBXBuildFile; fileRef = 6F150BA123AAE07D00908DEB /* DestinationTimeAddingTableViewCell.swift */; };
		6F150BA423AAE09000908DEB /* NotificationTimeAddingTableViewCell.swift in Sources */ = {isa = PBXBuildFile; fileRef = 6F150BA323AAE09000908DEB /* NotificationTimeAddingTableViewCell.swift */; };
		6F150BA623AAE0AF00908DEB /* PlaceCallingAtAddingTableViewCell.swift in Sources */ = {isa = PBXBuildFile; fileRef = 6F150BA523AAE0AF00908DEB /* PlaceCallingAtAddingTableViewCell.swift */; };
		6F150BA823AAE0C800908DEB /* MapPlaceCallingAtTableViewCell.swift in Sources */ = {isa = PBXBuildFile; fileRef = 6F150BA723AAE0C800908DEB /* MapPlaceCallingAtTableViewCell.swift */; };
		6F3BF39B2388BADF003CE424 /* DetailCallingTableViewController.swift in Sources */ = {isa = PBXBuildFile; fileRef = 6F3BF39A2388BADF003CE424 /* DetailCallingTableViewController.swift */; };
		6F3BF3A9238E0084003CE424 /* addCallingItemScrollview.swift in Sources */ = {isa = PBXBuildFile; fileRef = 6F3BF3A8238E0084003CE424 /* addCallingItemScrollview.swift */; };
		6F3FF55123DC1D0E005162C7 /* EdittingMapPlaceCallingAtTableViewCell.swift in Sources */ = {isa = PBXBuildFile; fileRef = 6F3FF54823DC1D0C005162C7 /* EdittingMapPlaceCallingAtTableViewCell.swift */; };
		6F3FF55223DC1D0E005162C7 /* EdittingLocalDateCallingTableViewCell.swift in Sources */ = {isa = PBXBuildFile; fileRef = 6F3FF54923DC1D0D005162C7 /* EdittingLocalDateCallingTableViewCell.swift */; };
		6F3FF55323DC1D0E005162C7 /* EdittingLocalNameTableViewCell.swift in Sources */ = {isa = PBXBuildFile; fileRef = 6F3FF54A23DC1D0D005162C7 /* EdittingLocalNameTableViewCell.swift */; };
		6F3FF55423DC1D0E005162C7 /* EdittingDestinationTimeTableViewCell.swift in Sources */ = {isa = PBXBuildFile; fileRef = 6F3FF54B23DC1D0D005162C7 /* EdittingDestinationTimeTableViewCell.swift */; };
		6F3FF55523DC1D0E005162C7 /* EdittingLocalTimeTableViewCell.swift in Sources */ = {isa = PBXBuildFile; fileRef = 6F3FF54C23DC1D0D005162C7 /* EdittingLocalTimeTableViewCell.swift */; };
		6F3FF55623DC1D0E005162C7 /* EdittingJetLagTableViewCell.swift in Sources */ = {isa = PBXBuildFile; fileRef = 6F3FF54D23DC1D0D005162C7 /* EdittingJetLagTableViewCell.swift */; };
		6F3FF55723DC1D0E005162C7 /* EdittingNameCallingForTableViewCell.swift in Sources */ = {isa = PBXBuildFile; fileRef = 6F3FF54E23DC1D0D005162C7 /* EdittingNameCallingForTableViewCell.swift */; };
		6F3FF55823DC1D0E005162C7 /* EdittingDestinationNameTableViewCell.swift in Sources */ = {isa = PBXBuildFile; fileRef = 6F3FF54F23DC1D0D005162C7 /* EdittingDestinationNameTableViewCell.swift */; };
		6F3FF55923DC1D0E005162C7 /* EdittingNotificationTableViewCell.swift in Sources */ = {isa = PBXBuildFile; fileRef = 6F3FF55023DC1D0E005162C7 /* EdittingNotificationTableViewCell.swift */; };
		6F3FF56023E11D09005162C7 /* callingForAbroad.xcdatamodeld in Sources */ = {isa = PBXBuildFile; fileRef = 6F3FF55E23E11D09005162C7 /* callingForAbroad.xcdatamodeld */; };
		6F3FF56323E12048005162C7 /* Plan+CoreDataClass.swift in Sources */ = {isa = PBXBuildFile; fileRef = 6F3FF56123E12048005162C7 /* Plan+CoreDataClass.swift */; };
		6F3FF56423E12048005162C7 /* Plan+CoreDataProperties.swift in Sources */ = {isa = PBXBuildFile; fileRef = 6F3FF56223E12048005162C7 /* Plan+CoreDataProperties.swift */; };
		6F3FF56623E38753005162C7 /* MapViewController.swift in Sources */ = {isa = PBXBuildFile; fileRef = 6F3FF56523E38753005162C7 /* MapViewController.swift */; };
		6F3FF56823E38AF5005162C7 /* MapTableViewCell.swift in Sources */ = {isa = PBXBuildFile; fileRef = 6F3FF56723E38AF5005162C7 /* MapTableViewCell.swift */; };
		6F8BE79A23EED10500CEA348 /* nameCallingViewController.swift in Sources */ = {isa = PBXBuildFile; fileRef = 6F8BE79923EED10500CEA348 /* nameCallingViewController.swift */; };
		6F8BE79C23EED7F600CEA348 /* LocalNameViewController.swift in Sources */ = {isa = PBXBuildFile; fileRef = 6F8BE79B23EED63900CEA348 /* LocalNameViewController.swift */; };
		6F8BE79E23EED8C300CEA348 /* DestinationNameViewController.swift in Sources */ = {isa = PBXBuildFile; fileRef = 6F8BE79D23EED8C300CEA348 /* DestinationNameViewController.swift */; };
		6FA5384B23AC9CC900F73D08 /* functionTableViewCell.swift in Sources */ = {isa = PBXBuildFile; fileRef = 6FA5384A23AC9CC900F73D08 /* functionTableViewCell.swift */; };
		6FA5384D23AD0A3400F73D08 /* callingItemTableViewCell.swift in Sources */ = {isa = PBXBuildFile; fileRef = 6FA5384C23AD0A3400F73D08 /* callingItemTableViewCell.swift */; };
		6FAFCF4B23A9FF05008918CD /* LocalNameTableViewCell.swift in Sources */ = {isa = PBXBuildFile; fileRef = 6FAFCF4A23A9FF05008918CD /* LocalNameTableViewCell.swift */; };
		6FB86BFE23E8191800672851 /* DateCallingTableViewCell.swift in Sources */ = {isa = PBXBuildFile; fileRef = 6FB86BFD23E8191800672851 /* DateCallingTableViewCell.swift */; };
		6FB86BFF23E8196B00672851 /* LocalTimeAddingTableViewCell.swift in Sources */ = {isa = PBXBuildFile; fileRef = 6F150B9F23AAE05500908DEB /* LocalTimeAddingTableViewCell.swift */; };
		6FB86C0323E81AD800672851 /* MenuTableViewController.swift in Sources */ = {isa = PBXBuildFile; fileRef = 6FB86C0223E81AD700672851 /* MenuTableViewController.swift */; };
		6FB86C0523E8795000672851 /* apiKey.plist in Resources */ = {isa = PBXBuildFile; fileRef = 6FB86C0423E8795000672851 /* apiKey.plist */; };
		6FB86C0723E87B6900672851 /* KeyManager.swift in Sources */ = {isa = PBXBuildFile; fileRef = 6FB86C0623E87B6900672851 /* KeyManager.swift */; };
		6FB86C0E23E93B8A00672851 /* Root.swift in Sources */ = {isa = PBXBuildFile; fileRef = 6FB86C0D23E93B8A00672851 /* Root.swift */; };
		6FB86C1023E9402200672851 /* SerachResult.swift in Sources */ = {isa = PBXBuildFile; fileRef = 6FB86C0F23E9402200672851 /* SerachResult.swift */; };
		6FB86C1223E9415A00672851 /* Geometry.swift in Sources */ = {isa = PBXBuildFile; fileRef = 6FB86C1123E9415A00672851 /* Geometry.swift */; };
		6FB86C1423E9417B00672851 /* Location.swift in Sources */ = {isa = PBXBuildFile; fileRef = 6FB86C1323E9417B00672851 /* Location.swift */; };
		6FB86C1623E941C100672851 /* Photo.swift in Sources */ = {isa = PBXBuildFile; fileRef = 6FB86C1523E941C100672851 /* Photo.swift */; };
		6FB86C2523E9DEFD00672851 /* SeeDetailView.swift in Sources */ = {isa = PBXBuildFile; fileRef = 6FB86C2423E9DEFD00672851 /* SeeDetailView.swift */; };
		6FB86C2723E9FF3E00672851 /* SeeDatailViewController.swift in Sources */ = {isa = PBXBuildFile; fileRef = 6FB86C2623E9FF3E00672851 /* SeeDatailViewController.swift */; };
		6FB94E3723AAE28300BDE9E0 /* JetLagAddingTableViewCell.swift in Sources */ = {isa = PBXBuildFile; fileRef = 6FB94E3623AAE28300BDE9E0 /* JetLagAddingTableViewCell.swift */; };
		6FCF2EEA237E2CFA00EE7344 /* addCallingItemViewController.swift in Sources */ = {isa = PBXBuildFile; fileRef = 6FCF2EE9237E2CFA00EE7344 /* addCallingItemViewController.swift */; };
		6FECA0F723750BCE00B7DD8B /* AppDelegate.swift in Sources */ = {isa = PBXBuildFile; fileRef = 6FECA0F623750BCE00B7DD8B /* AppDelegate.swift */; };
		6FECA0F923750BCE00B7DD8B /* SceneDelegate.swift in Sources */ = {isa = PBXBuildFile; fileRef = 6FECA0F823750BCE00B7DD8B /* SceneDelegate.swift */; };
		6FECA0FB23750BCE00B7DD8B /* callinglistViewController.swift in Sources */ = {isa = PBXBuildFile; fileRef = 6FECA0FA23750BCE00B7DD8B /* callinglistViewController.swift */; };
		6FECA0FE23750BCE00B7DD8B /* Main.storyboard in Resources */ = {isa = PBXBuildFile; fileRef = 6FECA0FC23750BCE00B7DD8B /* Main.storyboard */; };
		6FECA10023750BD200B7DD8B /* Assets.xcassets in Resources */ = {isa = PBXBuildFile; fileRef = 6FECA0FF23750BD200B7DD8B /* Assets.xcassets */; };
		6FECA10323750BD200B7DD8B /* LaunchScreen.storyboard in Resources */ = {isa = PBXBuildFile; fileRef = 6FECA10123750BD200B7DD8B /* LaunchScreen.storyboard */; };
		6FECA13323767A1500B7DD8B /* callingCellItem.swift in Sources */ = {isa = PBXBuildFile; fileRef = 6FECA13223767A1500B7DD8B /* callingCellItem.swift */; };
		6FECA139237A3AC700B7DD8B /* CallingCellList.swift in Sources */ = {isa = PBXBuildFile; fileRef = 6FECA138237A3AC700B7DD8B /* CallingCellList.swift */; };
/* End PBXBuildFile section */

/* Begin PBXFileReference section */
		3AD548683424567A6BE52995 /* Pods-checklist.release.xcconfig */ = {isa = PBXFileReference; includeInIndex = 1; lastKnownFileType = text.xcconfig; name = "Pods-checklist.release.xcconfig"; path = "Target Support Files/Pods-checklist/Pods-checklist.release.xcconfig"; sourceTree = "<group>"; };
		65F104F30790D897993AB695 /* Pods-checklist.debug.xcconfig */ = {isa = PBXFileReference; includeInIndex = 1; lastKnownFileType = text.xcconfig; name = "Pods-checklist.debug.xcconfig"; path = "Target Support Files/Pods-checklist/Pods-checklist.debug.xcconfig"; sourceTree = "<group>"; };
		6F0FBB1123DA5A72009C1775 /* EdittingTableViewCell.swift */ = {isa = PBXFileReference; lastKnownFileType = sourcecode.swift; name = EdittingTableViewCell.swift; path = callingForAbroad/EdittingTableViewCell.swift; sourceTree = SOURCE_ROOT; };
		6F150B6C23AA024300908DEB /* LocalTimeTableViewCell.swift */ = {isa = PBXFileReference; lastKnownFileType = sourcecode.swift; path = LocalTimeTableViewCell.swift; sourceTree = "<group>"; };
		6F150B6E23AA038C00908DEB /* DestinationNameTableViewCell.swift */ = {isa = PBXFileReference; lastKnownFileType = sourcecode.swift; path = DestinationNameTableViewCell.swift; sourceTree = "<group>"; };
		6F150B7023AA03FD00908DEB /* JetLagTableViewCell.swift */ = {isa = PBXFileReference; lastKnownFileType = sourcecode.swift; path = JetLagTableViewCell.swift; sourceTree = "<group>"; };
		6F150B7223AA047500908DEB /* DestinationTimeTableViewCell.swift */ = {isa = PBXFileReference; lastKnownFileType = sourcecode.swift; path = DestinationTimeTableViewCell.swift; sourceTree = "<group>"; };
		6F150B7523AA053F00908DEB /* NameCallingForTableViewCell.swift */ = {isa = PBXFileReference; lastKnownFileType = sourcecode.swift; name = NameCallingForTableViewCell.swift; path = "callingForAbroad/cell for Detail page/NameCallingForTableViewCell.swift"; sourceTree = SOURCE_ROOT; };
		6F150B8023AA283900908DEB /* AccountSwitchingTableViewCell.swift */ = {isa = PBXFileReference; lastKnownFileType = sourcecode.swift; path = AccountSwitchingTableViewCell.swift; sourceTree = SOURCE_ROOT; };
		6F150B9023AA2CC500908DEB /* EdittingDetailTableViewController.swift */ = {isa = PBXFileReference; lastKnownFileType = sourcecode.swift; name = EdittingDetailTableViewController.swift; path = callingForAbroad/EdittingDetailTableViewController.swift; sourceTree = SOURCE_ROOT; };
		6F150B9723AADF2500908DEB /* addingCallingItemTableViewController.swift */ = {isa = PBXFileReference; lastKnownFileType = sourcecode.swift; name = addingCallingItemTableViewController.swift; path = callingForAbroad/addingCallingItemTableViewController.swift; sourceTree = SOURCE_ROOT; };
		6F150B9923AAE00B00908DEB /* NameCallingForAddingTableViewCell.swift */ = {isa = PBXFileReference; lastKnownFileType = sourcecode.swift; path = NameCallingForAddingTableViewCell.swift; sourceTree = "<group>"; };
		6F150B9B23AAE03300908DEB /* DestinationNameAddingTableViewCell.swift */ = {isa = PBXFileReference; lastKnownFileType = sourcecode.swift; path = DestinationNameAddingTableViewCell.swift; sourceTree = "<group>"; };
		6F150B9D23AAE04A00908DEB /* LocalDateAddingTableViewCell.swift */ = {isa = PBXFileReference; lastKnownFileType = sourcecode.swift; path = LocalDateAddingTableViewCell.swift; sourceTree = "<group>"; };
		6F150B9F23AAE05500908DEB /* LocalTimeAddingTableViewCell.swift */ = {isa = PBXFileReference; lastKnownFileType = sourcecode.swift; path = LocalTimeAddingTableViewCell.swift; sourceTree = "<group>"; };
		6F150BA123AAE07D00908DEB /* DestinationTimeAddingTableViewCell.swift */ = {isa = PBXFileReference; lastKnownFileType = sourcecode.swift; path = DestinationTimeAddingTableViewCell.swift; sourceTree = "<group>"; };
		6F150BA323AAE09000908DEB /* NotificationTimeAddingTableViewCell.swift */ = {isa = PBXFileReference; lastKnownFileType = sourcecode.swift; path = NotificationTimeAddingTableViewCell.swift; sourceTree = "<group>"; };
		6F150BA523AAE0AF00908DEB /* PlaceCallingAtAddingTableViewCell.swift */ = {isa = PBXFileReference; lastKnownFileType = sourcecode.swift; path = PlaceCallingAtAddingTableViewCell.swift; sourceTree = "<group>"; };
		6F150BA723AAE0C800908DEB /* MapPlaceCallingAtTableViewCell.swift */ = {isa = PBXFileReference; lastKnownFileType = sourcecode.swift; path = MapPlaceCallingAtTableViewCell.swift; sourceTree = "<group>"; };
		6F3BF39A2388BADF003CE424 /* DetailCallingTableViewController.swift */ = {isa = PBXFileReference; lastKnownFileType = sourcecode.swift; path = DetailCallingTableViewController.swift; sourceTree = "<group>"; };
		6F3BF3A8238E0084003CE424 /* addCallingItemScrollview.swift */ = {isa = PBXFileReference; lastKnownFileType = sourcecode.swift; path = addCallingItemScrollview.swift; sourceTree = "<group>"; };
		6F3FF54823DC1D0C005162C7 /* EdittingMapPlaceCallingAtTableViewCell.swift */ = {isa = PBXFileReference; fileEncoding = 4; lastKnownFileType = sourcecode.swift; path = EdittingMapPlaceCallingAtTableViewCell.swift; sourceTree = "<group>"; };
		6F3FF54923DC1D0D005162C7 /* EdittingLocalDateCallingTableViewCell.swift */ = {isa = PBXFileReference; fileEncoding = 4; lastKnownFileType = sourcecode.swift; path = EdittingLocalDateCallingTableViewCell.swift; sourceTree = "<group>"; };
		6F3FF54A23DC1D0D005162C7 /* EdittingLocalNameTableViewCell.swift */ = {isa = PBXFileReference; fileEncoding = 4; lastKnownFileType = sourcecode.swift; path = EdittingLocalNameTableViewCell.swift; sourceTree = "<group>"; };
		6F3FF54B23DC1D0D005162C7 /* EdittingDestinationTimeTableViewCell.swift */ = {isa = PBXFileReference; fileEncoding = 4; lastKnownFileType = sourcecode.swift; path = EdittingDestinationTimeTableViewCell.swift; sourceTree = "<group>"; };
		6F3FF54C23DC1D0D005162C7 /* EdittingLocalTimeTableViewCell.swift */ = {isa = PBXFileReference; fileEncoding = 4; lastKnownFileType = sourcecode.swift; path = EdittingLocalTimeTableViewCell.swift; sourceTree = "<group>"; };
		6F3FF54D23DC1D0D005162C7 /* EdittingJetLagTableViewCell.swift */ = {isa = PBXFileReference; fileEncoding = 4; lastKnownFileType = sourcecode.swift; path = EdittingJetLagTableViewCell.swift; sourceTree = "<group>"; };
		6F3FF54E23DC1D0D005162C7 /* EdittingNameCallingForTableViewCell.swift */ = {isa = PBXFileReference; fileEncoding = 4; lastKnownFileType = sourcecode.swift; name = EdittingNameCallingForTableViewCell.swift; path = "../../../../tutorialClass/calling/callingForAbroad/callingForAbroad/cell for editting detail/EdittingNameCallingForTableViewCell.swift"; sourceTree = "<group>"; };
		6F3FF54F23DC1D0D005162C7 /* EdittingDestinationNameTableViewCell.swift */ = {isa = PBXFileReference; fileEncoding = 4; lastKnownFileType = sourcecode.swift; path = EdittingDestinationNameTableViewCell.swift; sourceTree = "<group>"; };
		6F3FF55023DC1D0E005162C7 /* EdittingNotificationTableViewCell.swift */ = {isa = PBXFileReference; fileEncoding = 4; lastKnownFileType = sourcecode.swift; path = EdittingNotificationTableViewCell.swift; sourceTree = "<group>"; };
		6F3FF55F23E11D09005162C7 /* callingForAbroad.xcdatamodel */ = {isa = PBXFileReference; lastKnownFileType = wrapper.xcdatamodel; path = callingForAbroad.xcdatamodel; sourceTree = "<group>"; };
		6F3FF56123E12048005162C7 /* Plan+CoreDataClass.swift */ = {isa = PBXFileReference; lastKnownFileType = sourcecode.swift; path = "Plan+CoreDataClass.swift"; sourceTree = SOURCE_ROOT; };
		6F3FF56223E12048005162C7 /* Plan+CoreDataProperties.swift */ = {isa = PBXFileReference; lastKnownFileType = sourcecode.swift; path = "Plan+CoreDataProperties.swift"; sourceTree = SOURCE_ROOT; };
		6F3FF56523E38753005162C7 /* MapViewController.swift */ = {isa = PBXFileReference; lastKnownFileType = sourcecode.swift; path = MapViewController.swift; sourceTree = "<group>"; };
		6F3FF56723E38AF5005162C7 /* MapTableViewCell.swift */ = {isa = PBXFileReference; lastKnownFileType = sourcecode.swift; name = MapTableViewCell.swift; path = controller/MapTableViewCell.swift; sourceTree = "<group>"; };
		6F8BE79923EED10500CEA348 /* nameCallingViewController.swift */ = {isa = PBXFileReference; lastKnownFileType = sourcecode.swift; name = nameCallingViewController.swift; path = callingForAbroad/nameCallingViewController.swift; sourceTree = SOURCE_ROOT; };
		6F8BE79B23EED63900CEA348 /* LocalNameViewController.swift */ = {isa = PBXFileReference; lastKnownFileType = sourcecode.swift; name = LocalNameViewController.swift; path = Pods/LocalNameViewController.swift; sourceTree = SOURCE_ROOT; };
		6F8BE79D23EED8C300CEA348 /* DestinationNameViewController.swift */ = {isa = PBXFileReference; lastKnownFileType = sourcecode.swift; path = DestinationNameViewController.swift; sourceTree = "<group>"; };
		6FA5384A23AC9CC900F73D08 /* functionTableViewCell.swift */ = {isa = PBXFileReference; lastKnownFileType = sourcecode.swift; path = functionTableViewCell.swift; sourceTree = SOURCE_ROOT; };
		6FA5384C23AD0A3400F73D08 /* callingItemTableViewCell.swift */ = {isa = PBXFileReference; lastKnownFileType = sourcecode.swift; path = callingItemTableViewCell.swift; sourceTree = SOURCE_ROOT; };
		6FAFCF4A23A9FF05008918CD /* LocalNameTableViewCell.swift */ = {isa = PBXFileReference; lastKnownFileType = sourcecode.swift; path = LocalNameTableViewCell.swift; sourceTree = "<group>"; };
		6FB86BFD23E8191800672851 /* DateCallingTableViewCell.swift */ = {isa = PBXFileReference; lastKnownFileType = sourcecode.swift; path = DateCallingTableViewCell.swift; sourceTree = "<group>"; };
		6FB86C0223E81AD700672851 /* MenuTableViewController.swift */ = {isa = PBXFileReference; lastKnownFileType = sourcecode.swift; path = MenuTableViewController.swift; sourceTree = "<group>"; };
		6FB86C0423E8795000672851 /* apiKey.plist */ = {isa = PBXFileReference; lastKnownFileType = text.plist; path = apiKey.plist; sourceTree = SOURCE_ROOT; };
		6FB86C0623E87B6900672851 /* KeyManager.swift */ = {isa = PBXFileReference; lastKnownFileType = sourcecode.swift; path = KeyManager.swift; sourceTree = "<group>"; };
		6FB86C0D23E93B8A00672851 /* Root.swift */ = {isa = PBXFileReference; lastKnownFileType = sourcecode.swift; path = Root.swift; sourceTree = "<group>"; };
		6FB86C0F23E9402200672851 /* SerachResult.swift */ = {isa = PBXFileReference; lastKnownFileType = sourcecode.swift; path = SerachResult.swift; sourceTree = "<group>"; };
		6FB86C1123E9415A00672851 /* Geometry.swift */ = {isa = PBXFileReference; lastKnownFileType = sourcecode.swift; path = Geometry.swift; sourceTree = "<group>"; };
		6FB86C1323E9417B00672851 /* Location.swift */ = {isa = PBXFileReference; lastKnownFileType = sourcecode.swift; path = Location.swift; sourceTree = "<group>"; };
		6FB86C1523E941C100672851 /* Photo.swift */ = {isa = PBXFileReference; lastKnownFileType = sourcecode.swift; path = Photo.swift; sourceTree = "<group>"; };
		6FB86C2423E9DEFD00672851 /* SeeDetailView.swift */ = {isa = PBXFileReference; lastKnownFileType = sourcecode.swift; path = SeeDetailView.swift; sourceTree = "<group>"; };
		6FB86C2623E9FF3E00672851 /* SeeDatailViewController.swift */ = {isa = PBXFileReference; lastKnownFileType = sourcecode.swift; path = SeeDatailViewController.swift; sourceTree = "<group>"; };
		6FB94E3623AAE28300BDE9E0 /* JetLagAddingTableViewCell.swift */ = {isa = PBXFileReference; lastKnownFileType = sourcecode.swift; path = JetLagAddingTableViewCell.swift; sourceTree = "<group>"; };
		6FCF2EE9237E2CFA00EE7344 /* addCallingItemViewController.swift */ = {isa = PBXFileReference; lastKnownFileType = sourcecode.swift; path = addCallingItemViewController.swift; sourceTree = "<group>"; };
		6FECA0F323750BCE00B7DD8B /* checklist.app */ = {isa = PBXFileReference; explicitFileType = wrapper.application; includeInIndex = 0; path = checklist.app; sourceTree = BUILT_PRODUCTS_DIR; };
		6FECA0F623750BCE00B7DD8B /* AppDelegate.swift */ = {isa = PBXFileReference; lastKnownFileType = sourcecode.swift; path = AppDelegate.swift; sourceTree = "<group>"; };
		6FECA0F823750BCE00B7DD8B /* SceneDelegate.swift */ = {isa = PBXFileReference; lastKnownFileType = sourcecode.swift; path = SceneDelegate.swift; sourceTree = "<group>"; };
		6FECA0FA23750BCE00B7DD8B /* callinglistViewController.swift */ = {isa = PBXFileReference; lastKnownFileType = sourcecode.swift; path = callinglistViewController.swift; sourceTree = "<group>"; };
		6FECA0FD23750BCE00B7DD8B /* Base */ = {isa = PBXFileReference; lastKnownFileType = file.storyboard; name = Base; path = Base.lproj/Main.storyboard; sourceTree = "<group>"; };
		6FECA0FF23750BD200B7DD8B /* Assets.xcassets */ = {isa = PBXFileReference; lastKnownFileType = folder.assetcatalog; path = Assets.xcassets; sourceTree = "<group>"; };
		6FECA10223750BD200B7DD8B /* Base */ = {isa = PBXFileReference; lastKnownFileType = file.storyboard; name = Base; path = Base.lproj/LaunchScreen.storyboard; sourceTree = "<group>"; };
		6FECA10423750BD200B7DD8B /* Info.plist */ = {isa = PBXFileReference; lastKnownFileType = text.plist.xml; path = Info.plist; sourceTree = "<group>"; };
		6FECA13223767A1500B7DD8B /* callingCellItem.swift */ = {isa = PBXFileReference; lastKnownFileType = sourcecode.swift; path = callingCellItem.swift; sourceTree = "<group>"; };
		6FECA138237A3AC700B7DD8B /* CallingCellList.swift */ = {isa = PBXFileReference; lastKnownFileType = sourcecode.swift; path = CallingCellList.swift; sourceTree = "<group>"; };
		E72489660E07ABFEEBBC7881 /* Pods_checklist.framework */ = {isa = PBXFileReference; explicitFileType = wrapper.framework; includeInIndex = 0; path = Pods_checklist.framework; sourceTree = BUILT_PRODUCTS_DIR; };
/* End PBXFileReference section */

/* Begin PBXFrameworksBuildPhase section */
		6FECA0F023750BCE00B7DD8B /* Frameworks */ = {
			isa = PBXFrameworksBuildPhase;
			buildActionMask = 2147483647;
			files = (
				5431A834B3EC27A766474465 /* Pods_checklist.framework in Frameworks */,
			);
			runOnlyForDeploymentPostprocessing = 0;
		};
/* End PBXFrameworksBuildPhase section */

/* Begin PBXGroup section */
		6F047B032394BB5C00AD3F09 /* controller */ = {
			isa = PBXGroup;
			children = (
				6F8BE79B23EED63900CEA348 /* LocalNameViewController.swift */,
				6F8BE79923EED10500CEA348 /* nameCallingViewController.swift */,
				6FB86C0223E81AD700672851 /* MenuTableViewController.swift */,
				6F3FF56523E38753005162C7 /* MapViewController.swift */,
				6FB86C2423E9DEFD00672851 /* SeeDetailView.swift */,
				6F150B9723AADF2500908DEB /* addingCallingItemTableViewController.swift */,
				6F150B9023AA2CC500908DEB /* EdittingDetailTableViewController.swift */,
				6FECA0FA23750BCE00B7DD8B /* callinglistViewController.swift */,
				6F3BF39A2388BADF003CE424 /* DetailCallingTableViewController.swift */,
				6F8BE79D23EED8C300CEA348 /* DestinationNameViewController.swift */,
				6FCF2EE9237E2CFA00EE7344 /* addCallingItemViewController.swift */,
			);
			path = controller;
			sourceTree = "<group>";
		};
		6F150B7423AA04B800908DEB /* cell for Detail page */ = {
			isa = PBXGroup;
			children = (
				6FB86BFD23E8191800672851 /* DateCallingTableViewCell.swift */,
				6F150B7523AA053F00908DEB /* NameCallingForTableViewCell.swift */,
				6FAFCF4A23A9FF05008918CD /* LocalNameTableViewCell.swift */,
				6F150B6C23AA024300908DEB /* LocalTimeTableViewCell.swift */,
				6F150B6E23AA038C00908DEB /* DestinationNameTableViewCell.swift */,
				6F150B7023AA03FD00908DEB /* JetLagTableViewCell.swift */,
				6F150B7223AA047500908DEB /* DestinationTimeTableViewCell.swift */,
			);
			path = "cell for Detail page";
			sourceTree = "<group>";
		};
		6F150B9223AA2D0500908DEB /* cell for editting detail */ = {
			isa = PBXGroup;
			children = (
				6F0FBB1123DA5A72009C1775 /* EdittingTableViewCell.swift */,
				6F3FF54E23DC1D0D005162C7 /* EdittingNameCallingForTableViewCell.swift */,
				6F3FF54923DC1D0D005162C7 /* EdittingLocalDateCallingTableViewCell.swift */,
				6F3FF54A23DC1D0D005162C7 /* EdittingLocalNameTableViewCell.swift */,
				6F3FF54C23DC1D0D005162C7 /* EdittingLocalTimeTableViewCell.swift */,
				6F3FF54F23DC1D0D005162C7 /* EdittingDestinationNameTableViewCell.swift */,
				6F3FF54D23DC1D0D005162C7 /* EdittingJetLagTableViewCell.swift */,
				6F3FF54B23DC1D0D005162C7 /* EdittingDestinationTimeTableViewCell.swift */,
				6F3FF54823DC1D0C005162C7 /* EdittingMapPlaceCallingAtTableViewCell.swift */,
				6F3FF55023DC1D0E005162C7 /* EdittingNotificationTableViewCell.swift */,
			);
			path = "cell for editting detail";
			sourceTree = "<group>";
		};
		6F150BA923AAE0F200908DEB /* Adding Calling Item */ = {
			isa = PBXGroup;
			children = (
				6F150B9923AAE00B00908DEB /* NameCallingForAddingTableViewCell.swift */,
				6FB94E3623AAE28300BDE9E0 /* JetLagAddingTableViewCell.swift */,
				6F150B9D23AAE04A00908DEB /* LocalDateAddingTableViewCell.swift */,
				6F150B9F23AAE05500908DEB /* LocalTimeAddingTableViewCell.swift */,
				6F150B9B23AAE03300908DEB /* DestinationNameAddingTableViewCell.swift */,
				6F150BA123AAE07D00908DEB /* DestinationTimeAddingTableViewCell.swift */,
				6F150BA323AAE09000908DEB /* NotificationTimeAddingTableViewCell.swift */,
				6F150BA523AAE0AF00908DEB /* PlaceCallingAtAddingTableViewCell.swift */,
				6F150BA723AAE0C800908DEB /* MapPlaceCallingAtTableViewCell.swift */,
			);
			path = "Adding Calling Item";
			sourceTree = "<group>";
		};
		6FB86C1823E9420000672851 /* structs */ = {
			isa = PBXGroup;
			children = (
				6FB86C0D23E93B8A00672851 /* Root.swift */,
				6FB86C0F23E9402200672851 /* SerachResult.swift */,
				6FB86C1123E9415A00672851 /* Geometry.swift */,
				6FB86C1323E9417B00672851 /* Location.swift */,
				6FB86C1523E941C100672851 /* Photo.swift */,
			);
			path = structs;
			sourceTree = "<group>";
		};
		6FECA0EA23750BCE00B7DD8B = {
			isa = PBXGroup;
			children = (
				6FECA0F523750BCE00B7DD8B /* callingForAbroad */,
				6FECA0F423750BCE00B7DD8B /* Products */,
				7FFFE1AF788318D737D96CF6 /* Pods */,
				AFEAD1867CC642867052D28D /* Frameworks */,
			);
			sourceTree = "<group>";
		};
		6FECA0F423750BCE00B7DD8B /* Products */ = {
			isa = PBXGroup;
			children = (
				6FECA0F323750BCE00B7DD8B /* checklist.app */,
			);
			name = Products;
			sourceTree = "<group>";
		};
		6FECA0F523750BCE00B7DD8B /* callingForAbroad */ = {
			isa = PBXGroup;
			children = (
				6F3FF56123E12048005162C7 /* Plan+CoreDataClass.swift */,
				6F3FF56223E12048005162C7 /* Plan+CoreDataProperties.swift */,
				6FA5384C23AD0A3400F73D08 /* callingItemTableViewCell.swift */,
				6FA5384A23AC9CC900F73D08 /* functionTableViewCell.swift */,
				6F150BA923AAE0F200908DEB /* Adding Calling Item */,
				6F150B8023AA283900908DEB /* AccountSwitchingTableViewCell.swift */,
				6F3FF56723E38AF5005162C7 /* MapTableViewCell.swift */,
				6F150B9223AA2D0500908DEB /* cell for editting detail */,
				6F150B7423AA04B800908DEB /* cell for Detail page */,
				6F047B032394BB5C00AD3F09 /* controller */,
				6FB86C1823E9420000672851 /* structs */,
				6FECA0F623750BCE00B7DD8B /* AppDelegate.swift */,
				6FECA0F823750BCE00B7DD8B /* SceneDelegate.swift */,
				6FECA138237A3AC700B7DD8B /* CallingCellList.swift */,
				6FECA13223767A1500B7DD8B /* callingCellItem.swift */,
				6F3BF3A8238E0084003CE424 /* addCallingItemScrollview.swift */,
				6FECA0FC23750BCE00B7DD8B /* Main.storyboard */,
				6FB86C2623E9FF3E00672851 /* SeeDatailViewController.swift */,
				6F3FF55E23E11D09005162C7 /* callingForAbroad.xcdatamodeld */,
				6FECA0FF23750BD200B7DD8B /* Assets.xcassets */,
				6FECA10123750BD200B7DD8B /* LaunchScreen.storyboard */,
				6FECA10423750BD200B7DD8B /* Info.plist */,
				6FB86C0423E8795000672851 /* apiKey.plist */,
				6FB86C0623E87B6900672851 /* KeyManager.swift */,
			);
			path = callingForAbroad;
			sourceTree = "<group>";
		};
		7FFFE1AF788318D737D96CF6 /* Pods */ = {
			isa = PBXGroup;
			children = (
				65F104F30790D897993AB695 /* Pods-checklist.debug.xcconfig */,
				3AD548683424567A6BE52995 /* Pods-checklist.release.xcconfig */,
			);
			path = Pods;
			sourceTree = "<group>";
		};
		AFEAD1867CC642867052D28D /* Frameworks */ = {
			isa = PBXGroup;
			children = (
				E72489660E07ABFEEBBC7881 /* Pods_checklist.framework */,
			);
			name = Frameworks;
			sourceTree = "<group>";
		};
/* End PBXGroup section */

/* Begin PBXNativeTarget section */
		6FECA0F223750BCE00B7DD8B /* checklist */ = {
			isa = PBXNativeTarget;
			buildConfigurationList = 6FECA10723750BD200B7DD8B /* Build configuration list for PBXNativeTarget "checklist" */;
			buildPhases = (
				41620A5EFC3A2C25D2C553AA /* [CP] Check Pods Manifest.lock */,
				6FECA0EF23750BCE00B7DD8B /* Sources */,
				6FECA0F023750BCE00B7DD8B /* Frameworks */,
				6FECA0F123750BCE00B7DD8B /* Resources */,
				502B4DCC9D9B880EBC23031C /* [CP] Embed Pods Frameworks */,
				49517C372039330F0D0E66F2 /* [CP] Copy Pods Resources */,
			);
			buildRules = (
			);
			dependencies = (
			);
			name = checklist;
			productName = checklist;
			productReference = 6FECA0F323750BCE00B7DD8B /* checklist.app */;
			productType = "com.apple.product-type.application";
		};
/* End PBXNativeTarget section */

/* Begin PBXProject section */
		6FECA0EB23750BCE00B7DD8B /* Project object */ = {
			isa = PBXProject;
			attributes = {
				LastSwiftUpdateCheck = 1100;
				LastUpgradeCheck = 1100;
				ORGANIZATIONNAME = "北島　志帆美";
				TargetAttributes = {
					6FECA0F223750BCE00B7DD8B = {
						CreatedOnToolsVersion = 11.0;
					};
				};
			};
			buildConfigurationList = 6FECA0EE23750BCE00B7DD8B /* Build configuration list for PBXProject "callingForAbroad" */;
			compatibilityVersion = "Xcode 9.3";
			developmentRegion = en;
			hasScannedForEncodings = 0;
			knownRegions = (
				en,
				Base,
			);
			mainGroup = 6FECA0EA23750BCE00B7DD8B;
			productRefGroup = 6FECA0F423750BCE00B7DD8B /* Products */;
			projectDirPath = "";
			projectRoot = "";
			targets = (
				6FECA0F223750BCE00B7DD8B /* checklist */,
			);
		};
/* End PBXProject section */

/* Begin PBXResourcesBuildPhase section */
		6FECA0F123750BCE00B7DD8B /* Resources */ = {
			isa = PBXResourcesBuildPhase;
			buildActionMask = 2147483647;
			files = (
				6FECA10323750BD200B7DD8B /* LaunchScreen.storyboard in Resources */,
				6FB86C0523E8795000672851 /* apiKey.plist in Resources */,
				6FECA10023750BD200B7DD8B /* Assets.xcassets in Resources */,
				6FECA0FE23750BCE00B7DD8B /* Main.storyboard in Resources */,
			);
			runOnlyForDeploymentPostprocessing = 0;
		};
/* End PBXResourcesBuildPhase section */

/* Begin PBXShellScriptBuildPhase section */
		41620A5EFC3A2C25D2C553AA /* [CP] Check Pods Manifest.lock */ = {
			isa = PBXShellScriptBuildPhase;
			buildActionMask = 2147483647;
			files = (
			);
			inputFileListPaths = (
			);
			inputPaths = (
				"${PODS_PODFILE_DIR_PATH}/Podfile.lock",
				"${PODS_ROOT}/Manifest.lock",
			);
			name = "[CP] Check Pods Manifest.lock";
			outputFileListPaths = (
			);
			outputPaths = (
				"$(DERIVED_FILE_DIR)/Pods-checklist-checkManifestLockResult.txt",
			);
			runOnlyForDeploymentPostprocessing = 0;
			shellPath = /bin/sh;
			shellScript = "diff \"${PODS_PODFILE_DIR_PATH}/Podfile.lock\" \"${PODS_ROOT}/Manifest.lock\" > /dev/null\nif [ $? != 0 ] ; then\n    # print error to STDERR\n    echo \"error: The sandbox is not in sync with the Podfile.lock. Run 'pod install' or update your CocoaPods installation.\" >&2\n    exit 1\nfi\n# This output is used by Xcode 'outputs' to avoid re-running this script phase.\necho \"SUCCESS\" > \"${SCRIPT_OUTPUT_FILE_0}\"\n";
			showEnvVarsInLog = 0;
		};
		49517C372039330F0D0E66F2 /* [CP] Copy Pods Resources */ = {
			isa = PBXShellScriptBuildPhase;
			buildActionMask = 2147483647;
			files = (
			);
			inputFileListPaths = (
				"${PODS_ROOT}/Target Support Files/Pods-checklist/Pods-checklist-resources-${CONFIGURATION}-input-files.xcfilelist",
			);
			name = "[CP] Copy Pods Resources";
			outputFileListPaths = (
				"${PODS_ROOT}/Target Support Files/Pods-checklist/Pods-checklist-resources-${CONFIGURATION}-output-files.xcfilelist",
			);
			runOnlyForDeploymentPostprocessing = 0;
			shellPath = /bin/sh;
			shellScript = "\"${PODS_ROOT}/Target Support Files/Pods-checklist/Pods-checklist-resources.sh\"\n";
			showEnvVarsInLog = 0;
		};
		502B4DCC9D9B880EBC23031C /* [CP] Embed Pods Frameworks */ = {
			isa = PBXShellScriptBuildPhase;
			buildActionMask = 2147483647;
			files = (
			);
			inputFileListPaths = (
				"${PODS_ROOT}/Target Support Files/Pods-checklist/Pods-checklist-frameworks-${CONFIGURATION}-input-files.xcfilelist",
			);
			name = "[CP] Embed Pods Frameworks";
			outputFileListPaths = (
				"${PODS_ROOT}/Target Support Files/Pods-checklist/Pods-checklist-frameworks-${CONFIGURATION}-output-files.xcfilelist",
			);
			runOnlyForDeploymentPostprocessing = 0;
			shellPath = /bin/sh;
			shellScript = "\"${PODS_ROOT}/Target Support Files/Pods-checklist/Pods-checklist-frameworks.sh\"\n";
			showEnvVarsInLog = 0;
		};
/* End PBXShellScriptBuildPhase section */

/* Begin PBXSourcesBuildPhase section */
		6FECA0EF23750BCE00B7DD8B /* Sources */ = {
			isa = PBXSourcesBuildPhase;
			buildActionMask = 2147483647;
			files = (
				6F8BE79C23EED7F600CEA348 /* LocalNameViewController.swift in Sources */,
				6FB86C0323E81AD800672851 /* MenuTableViewController.swift in Sources */,
				6FB86BFF23E8196B00672851 /* LocalTimeAddingTableViewCell.swift in Sources */,
				6FB86BFE23E8191800672851 /* DateCallingTableViewCell.swift in Sources */,
				6F150B8123AA283900908DEB /* AccountSwitchingTableViewCell.swift in Sources */,
				6F8BE79A23EED10500CEA348 /* nameCallingViewController.swift in Sources */,
				6F150B9A23AAE00B00908DEB /* NameCallingForAddingTableViewCell.swift in Sources */,
				6F150BA623AAE0AF00908DEB /* PlaceCallingAtAddingTableViewCell.swift in Sources */,
				6F8BE79E23EED8C300CEA348 /* DestinationNameViewController.swift in Sources */,
				6F150B7123AA03FD00908DEB /* JetLagTableViewCell.swift in Sources */,
				6FB86C0723E87B6900672851 /* KeyManager.swift in Sources */,
				6FCF2EEA237E2CFA00EE7344 /* addCallingItemViewController.swift in Sources */,
				6FECA0FB23750BCE00B7DD8B /* callinglistViewController.swift in Sources */,
				6FB86C2723E9FF3E00672851 /* SeeDatailViewController.swift in Sources */,
				6F3FF55523DC1D0E005162C7 /* EdittingLocalTimeTableViewCell.swift in Sources */,
				6F3FF56023E11D09005162C7 /* callingForAbroad.xcdatamodeld in Sources */,
				6FECA0F723750BCE00B7DD8B /* AppDelegate.swift in Sources */,
				6FB86C0E23E93B8A00672851 /* Root.swift in Sources */,
				6F3FF56823E38AF5005162C7 /* MapTableViewCell.swift in Sources */,
				6F3FF56623E38753005162C7 /* MapViewController.swift in Sources */,
				6F150B7323AA047500908DEB /* DestinationTimeTableViewCell.swift in Sources */,
				6F3FF56423E12048005162C7 /* Plan+CoreDataProperties.swift in Sources */,
				6F3FF55823DC1D0E005162C7 /* EdittingDestinationNameTableViewCell.swift in Sources */,
				6F0FBB1223DA5A72009C1775 /* EdittingTableViewCell.swift in Sources */,
				6FB94E3723AAE28300BDE9E0 /* JetLagAddingTableViewCell.swift in Sources */,
				6FB86C2523E9DEFD00672851 /* SeeDetailView.swift in Sources */,
				6F150B6D23AA024300908DEB /* LocalTimeTableViewCell.swift in Sources */,
				6FB86C1223E9415A00672851 /* Geometry.swift in Sources */,
				6F150BA423AAE09000908DEB /* NotificationTimeAddingTableViewCell.swift in Sources */,
				6F3FF55623DC1D0E005162C7 /* EdittingJetLagTableViewCell.swift in Sources */,
				6F3FF55323DC1D0E005162C7 /* EdittingLocalNameTableViewCell.swift in Sources */,
				6F150BA223AAE07E00908DEB /* DestinationTimeAddingTableViewCell.swift in Sources */,
				6FB86C1623E941C100672851 /* Photo.swift in Sources */,
				6FA5384D23AD0A3400F73D08 /* callingItemTableViewCell.swift in Sources */,
				6FA5384B23AC9CC900F73D08 /* functionTableViewCell.swift in Sources */,
				6FECA0F923750BCE00B7DD8B /* SceneDelegate.swift in Sources */,
				6F3BF3A9238E0084003CE424 /* addCallingItemScrollview.swift in Sources */,
				6F150BA823AAE0C800908DEB /* MapPlaceCallingAtTableViewCell.swift in Sources */,
				6FB86C1423E9417B00672851 /* Location.swift in Sources */,
				6F3FF55723DC1D0E005162C7 /* EdittingNameCallingForTableViewCell.swift in Sources */,
				6F3FF55123DC1D0E005162C7 /* EdittingMapPlaceCallingAtTableViewCell.swift in Sources */,
				6F3BF39B2388BADF003CE424 /* DetailCallingTableViewController.swift in Sources */,
				6FB86C1023E9402200672851 /* SerachResult.swift in Sources */,
				6FAFCF4B23A9FF05008918CD /* LocalNameTableViewCell.swift in Sources */,
				6F3FF56323E12048005162C7 /* Plan+CoreDataClass.swift in Sources */,
				6FECA139237A3AC700B7DD8B /* CallingCellList.swift in Sources */,
				6F150B9123AA2CC500908DEB /* EdittingDetailTableViewController.swift in Sources */,
				6F150B9C23AAE03300908DEB /* DestinationNameAddingTableViewCell.swift in Sources */,
				6F150B9823AADF2500908DEB /* addingCallingItemTableViewController.swift in Sources */,
				6F150B6F23AA038C00908DEB /* DestinationNameTableViewCell.swift in Sources */,
				6F150B9E23AAE04A00908DEB /* LocalDateAddingTableViewCell.swift in Sources */,
				6F3FF55423DC1D0E005162C7 /* EdittingDestinationTimeTableViewCell.swift in Sources */,
				6F3FF55923DC1D0E005162C7 /* EdittingNotificationTableViewCell.swift in Sources */,
				6FECA13323767A1500B7DD8B /* callingCellItem.swift in Sources */,
				6F150B7623AA053F00908DEB /* NameCallingForTableViewCell.swift in Sources */,
				6F3FF55223DC1D0E005162C7 /* EdittingLocalDateCallingTableViewCell.swift in Sources */,
			);
			runOnlyForDeploymentPostprocessing = 0;
		};
/* End PBXSourcesBuildPhase section */

/* Begin PBXVariantGroup section */
		6FECA0FC23750BCE00B7DD8B /* Main.storyboard */ = {
			isa = PBXVariantGroup;
			children = (
				6FECA0FD23750BCE00B7DD8B /* Base */,
			);
			name = Main.storyboard;
			sourceTree = "<group>";
		};
		6FECA10123750BD200B7DD8B /* LaunchScreen.storyboard */ = {
			isa = PBXVariantGroup;
			children = (
				6FECA10223750BD200B7DD8B /* Base */,
			);
			name = LaunchScreen.storyboard;
			sourceTree = "<group>";
		};
/* End PBXVariantGroup section */

/* Begin XCBuildConfiguration section */
		6FECA10523750BD200B7DD8B /* Debug */ = {
			isa = XCBuildConfiguration;
			buildSettings = {
				ALWAYS_SEARCH_USER_PATHS = NO;
				CLANG_ANALYZER_NONNULL = YES;
				CLANG_ANALYZER_NUMBER_OBJECT_CONVERSION = YES_AGGRESSIVE;
				CLANG_CXX_LANGUAGE_STANDARD = "gnu++14";
				CLANG_CXX_LIBRARY = "libc++";
				CLANG_ENABLE_MODULES = YES;
				CLANG_ENABLE_OBJC_ARC = YES;
				CLANG_ENABLE_OBJC_WEAK = YES;
				CLANG_WARN_BLOCK_CAPTURE_AUTORELEASING = YES;
				CLANG_WARN_BOOL_CONVERSION = YES;
				CLANG_WARN_COMMA = YES;
				CLANG_WARN_CONSTANT_CONVERSION = YES;
				CLANG_WARN_DEPRECATED_OBJC_IMPLEMENTATIONS = YES;
				CLANG_WARN_DIRECT_OBJC_ISA_USAGE = YES_ERROR;
				CLANG_WARN_DOCUMENTATION_COMMENTS = YES;
				CLANG_WARN_EMPTY_BODY = YES;
				CLANG_WARN_ENUM_CONVERSION = YES;
				CLANG_WARN_INFINITE_RECURSION = YES;
				CLANG_WARN_INT_CONVERSION = YES;
				CLANG_WARN_NON_LITERAL_NULL_CONVERSION = YES;
				CLANG_WARN_OBJC_IMPLICIT_RETAIN_SELF = YES;
				CLANG_WARN_OBJC_LITERAL_CONVERSION = YES;
				CLANG_WARN_OBJC_ROOT_CLASS = YES_ERROR;
				CLANG_WARN_RANGE_LOOP_ANALYSIS = YES;
				CLANG_WARN_STRICT_PROTOTYPES = YES;
				CLANG_WARN_SUSPICIOUS_MOVE = YES;
				CLANG_WARN_UNGUARDED_AVAILABILITY = YES_AGGRESSIVE;
				CLANG_WARN_UNREACHABLE_CODE = YES;
				CLANG_WARN__DUPLICATE_METHOD_MATCH = YES;
				COPY_PHASE_STRIP = NO;
				DEBUG_INFORMATION_FORMAT = dwarf;
				ENABLE_STRICT_OBJC_MSGSEND = YES;
				ENABLE_TESTABILITY = YES;
				GCC_C_LANGUAGE_STANDARD = gnu11;
				GCC_DYNAMIC_NO_PIC = NO;
				GCC_NO_COMMON_BLOCKS = YES;
				GCC_OPTIMIZATION_LEVEL = 0;
				GCC_PREPROCESSOR_DEFINITIONS = (
					"DEBUG=1",
					"$(inherited)",
				);
				GCC_WARN_64_TO_32_BIT_CONVERSION = YES;
				GCC_WARN_ABOUT_RETURN_TYPE = YES_ERROR;
				GCC_WARN_UNDECLARED_SELECTOR = YES;
				GCC_WARN_UNINITIALIZED_AUTOS = YES_AGGRESSIVE;
				GCC_WARN_UNUSED_FUNCTION = YES;
				GCC_WARN_UNUSED_VARIABLE = YES;
				IPHONEOS_DEPLOYMENT_TARGET = 13.0;
				MTL_ENABLE_DEBUG_INFO = INCLUDE_SOURCE;
				MTL_FAST_MATH = YES;
				ONLY_ACTIVE_ARCH = YES;
				SDKROOT = iphoneos;
				SWIFT_ACTIVE_COMPILATION_CONDITIONS = DEBUG;
				SWIFT_OPTIMIZATION_LEVEL = "-Onone";
			};
			name = Debug;
		};
		6FECA10623750BD200B7DD8B /* Release */ = {
			isa = XCBuildConfiguration;
			buildSettings = {
				ALWAYS_SEARCH_USER_PATHS = NO;
				CLANG_ANALYZER_NONNULL = YES;
				CLANG_ANALYZER_NUMBER_OBJECT_CONVERSION = YES_AGGRESSIVE;
				CLANG_CXX_LANGUAGE_STANDARD = "gnu++14";
				CLANG_CXX_LIBRARY = "libc++";
				CLANG_ENABLE_MODULES = YES;
				CLANG_ENABLE_OBJC_ARC = YES;
				CLANG_ENABLE_OBJC_WEAK = YES;
				CLANG_WARN_BLOCK_CAPTURE_AUTORELEASING = YES;
				CLANG_WARN_BOOL_CONVERSION = YES;
				CLANG_WARN_COMMA = YES;
				CLANG_WARN_CONSTANT_CONVERSION = YES;
				CLANG_WARN_DEPRECATED_OBJC_IMPLEMENTATIONS = YES;
				CLANG_WARN_DIRECT_OBJC_ISA_USAGE = YES_ERROR;
				CLANG_WARN_DOCUMENTATION_COMMENTS = YES;
				CLANG_WARN_EMPTY_BODY = YES;
				CLANG_WARN_ENUM_CONVERSION = YES;
				CLANG_WARN_INFINITE_RECURSION = YES;
				CLANG_WARN_INT_CONVERSION = YES;
				CLANG_WARN_NON_LITERAL_NULL_CONVERSION = YES;
				CLANG_WARN_OBJC_IMPLICIT_RETAIN_SELF = YES;
				CLANG_WARN_OBJC_LITERAL_CONVERSION = YES;
				CLANG_WARN_OBJC_ROOT_CLASS = YES_ERROR;
				CLANG_WARN_RANGE_LOOP_ANALYSIS = YES;
				CLANG_WARN_STRICT_PROTOTYPES = YES;
				CLANG_WARN_SUSPICIOUS_MOVE = YES;
				CLANG_WARN_UNGUARDED_AVAILABILITY = YES_AGGRESSIVE;
				CLANG_WARN_UNREACHABLE_CODE = YES;
				CLANG_WARN__DUPLICATE_METHOD_MATCH = YES;
				COPY_PHASE_STRIP = NO;
				DEBUG_INFORMATION_FORMAT = "dwarf-with-dsym";
				ENABLE_NS_ASSERTIONS = NO;
				ENABLE_STRICT_OBJC_MSGSEND = YES;
				GCC_C_LANGUAGE_STANDARD = gnu11;
				GCC_NO_COMMON_BLOCKS = YES;
				GCC_WARN_64_TO_32_BIT_CONVERSION = YES;
				GCC_WARN_ABOUT_RETURN_TYPE = YES_ERROR;
				GCC_WARN_UNDECLARED_SELECTOR = YES;
				GCC_WARN_UNINITIALIZED_AUTOS = YES_AGGRESSIVE;
				GCC_WARN_UNUSED_FUNCTION = YES;
				GCC_WARN_UNUSED_VARIABLE = YES;
				IPHONEOS_DEPLOYMENT_TARGET = 13.0;
				MTL_ENABLE_DEBUG_INFO = NO;
				MTL_FAST_MATH = YES;
				SDKROOT = iphoneos;
				SWIFT_COMPILATION_MODE = wholemodule;
				SWIFT_OPTIMIZATION_LEVEL = "-O";
				VALIDATE_PRODUCT = YES;
			};
			name = Release;
		};
		6FECA10823750BD200B7DD8B /* Debug */ = {
			isa = XCBuildConfiguration;
			baseConfigurationReference = 65F104F30790D897993AB695 /* Pods-checklist.debug.xcconfig */;
			buildSettings = {
				ASSETCATALOG_COMPILER_APPICON_NAME = AppIcon;
				CODE_SIGN_STYLE = Automatic;
				DEVELOPMENT_TEAM = KS3JUH2DN7;
				INFOPLIST_FILE = "$(SRCROOT)/callingForAbroad/Info.plist";
				LD_RUNPATH_SEARCH_PATHS = (
					"$(inherited)",
					"@executable_path/Frameworks",
				);
				PRODUCT_BUNDLE_IDENTIFIER = com.ciccc.checklist;
				PRODUCT_NAME = "$(TARGET_NAME)";
				SWIFT_VERSION = 5.0;
				TARGETED_DEVICE_FAMILY = "1,2";
			};
			name = Debug;
		};
		6FECA10923750BD200B7DD8B /* Release */ = {
			isa = XCBuildConfiguration;
			baseConfigurationReference = 3AD548683424567A6BE52995 /* Pods-checklist.release.xcconfig */;
			buildSettings = {
				ASSETCATALOG_COMPILER_APPICON_NAME = AppIcon;
				CODE_SIGN_STYLE = Automatic;
				DEVELOPMENT_TEAM = KS3JUH2DN7;
				INFOPLIST_FILE = "$(SRCROOT)/callingForAbroad/Info.plist";
				LD_RUNPATH_SEARCH_PATHS = (
					"$(inherited)",
					"@executable_path/Frameworks",
				);
				PRODUCT_BUNDLE_IDENTIFIER = com.ciccc.checklist;
				PRODUCT_NAME = "$(TARGET_NAME)";
				SWIFT_VERSION = 5.0;
				TARGETED_DEVICE_FAMILY = "1,2";
			};
			name = Release;
		};
/* End XCBuildConfiguration section */

/* Begin XCConfigurationList section */
		6FECA0EE23750BCE00B7DD8B /* Build configuration list for PBXProject "callingForAbroad" */ = {
			isa = XCConfigurationList;
			buildConfigurations = (
				6FECA10523750BD200B7DD8B /* Debug */,
				6FECA10623750BD200B7DD8B /* Release */,
			);
			defaultConfigurationIsVisible = 0;
			defaultConfigurationName = Release;
		};
		6FECA10723750BD200B7DD8B /* Build configuration list for PBXNativeTarget "checklist" */ = {
			isa = XCConfigurationList;
			buildConfigurations = (
				6FECA10823750BD200B7DD8B /* Debug */,
				6FECA10923750BD200B7DD8B /* Release */,
			);
			defaultConfigurationIsVisible = 0;
			defaultConfigurationName = Release;
		};
/* End XCConfigurationList section */

/* Begin XCVersionGroup section */
		6F3FF55E23E11D09005162C7 /* callingForAbroad.xcdatamodeld */ = {
			isa = XCVersionGroup;
			children = (
				6F3FF55F23E11D09005162C7 /* callingForAbroad.xcdatamodel */,
			);
			currentVersion = 6F3FF55F23E11D09005162C7 /* callingForAbroad.xcdatamodel */;
			path = callingForAbroad.xcdatamodeld;
			sourceTree = "<group>";
			versionGroupType = wrapper.xcdatamodel;
		};
/* End XCVersionGroup section */
	};
	rootObject = 6FECA0EB23750BCE00B7DD8B /* Project object */;
}
